PODS:
  - anythink_sdk (0.0.1):
    - Flutter
  - Flutter (1.0.0)

DEPENDENCIES:
  - anythink_sdk (from `.symlinks/plugins/anythink_sdk/ios`)
  - Flutter (from `Flutter`)

EXTERNAL SOURCES:
  anythink_sdk:
    :path: ".symlinks/plugins/anythink_sdk/ios"
  Flutter:
    :path: Flutter

SPEC CHECKSUMS:
  anythink_sdk: 2b2ff9803cd22a68e834c13ac1df73e800c85135
  Flutter: f04841e97a9d0b0a8025694d0796dd46242b2854

PODFILE CHECKSUM: 019a2cbc867b03dc567446163df28793c29a1336

COCOAPODS: 1.11.3
